
Microsoft Visual Studio Solution File, Format Version 12.00
# Visual Studio Version 17
VisualStudioVersion = 17.11.35327.3
MinimumVisualStudioVersion = 10.0.40219.1
Project("{FAE04EC0-301F-11D3-BF4B-00C04F79EFBC}") = "CaliburnMicroKeyBindingEnablingTest", "CaliburnMicroKeyBindingEnablingTest\CaliburnMicroKeyBindingEnablingTest.csproj", "{1E9BFEEA-4017-4F19-B6A0-81D32C130FBF}"
EndProject
Global
	GlobalSection(SolutionConfigurationPlatforms) = preSolution
		Debug|Any CPU = Debug|Any CPU
		Release|Any CPU = Release|Any CPU
	EndGlobalSection
	GlobalSection(ProjectConfigurationPlatforms) = postSolution
		{1E9BFEEA-4017-4F19-B6A0-81D32C130FBF}.Debug|Any CPU.ActiveCfg = Debug|Any CPU
		{1E9BFEEA-4017-4F19-B6A0-81D32C130FBF}.Debug|Any CPU.Build.0 = Debug|Any CPU
		{1E9BFEEA-4017-4F19-B6A0-81D32C130FBF}.Release|Any CPU.ActiveCfg = Release|Any CPU
		{1E9BFEEA-4017-4F19-B6A0-81D32C130FBF}.Release|Any CPU.Build.0 = Release|Any CPU
	EndGlobalSection
	GlobalSection(SolutionProperties) = preSolution
		HideSolutionNode = FALSE
	EndGlobalSection
	GlobalSection(ExtensibilityGlobals) = postSolution
		SolutionGuid = {F2FF870A-DA62-4E73-9259-BB40858B2C4D}
	EndGlobalSection
EndGlobal
